
Microsoft Visual Studio Solution File, Format Version 12.00
# Visual Studio Version 16
VisualStudioVersion = 16.0.31005.135
MinimumVisualStudioVersion = 10.0.40219.1
Project("{FAE04EC0-301F-11D3-BF4B-00C04F79EFBC}") = "DemoApp", "DemoApp\DemoApp.csproj", "{4910FA23-6A83-401B-B791-7AB7440B369F}"
EndProject
Global
	GlobalSection(SolutionConfigurationPlatforms) = preSolution
		Debug|Any CPU = Debug|Any CPU
		Release|Any CPU = Release|Any CPU
	EndGlobalSection
	GlobalSection(ProjectConfigurationPlatforms) = postSolution
		{4910FA23-6A83-401B-B791-7AB7440B369F}.Debug|Any CPU.ActiveCfg = Debug|Any CPU
		{4910FA23-6A83-401B-B791-7AB7440B369F}.Debug|Any CPU.Build.0 = Debug|Any CPU
		{4910FA23-6A83-401B-B791-7AB7440B369F}.Release|Any CPU.ActiveCfg = Release|Any CPU
		{4910FA23-6A83-401B-B791-7AB7440B369F}.Release|Any CPU.Build.0 = Release|Any CPU
	EndGlobalSection
	GlobalSection(SolutionProperties) = preSolution
		HideSolutionNode = FALSE
	EndGlobalSection
	GlobalSection(ExtensibilityGlobals) = postSolution
		SolutionGuid = {8A7A7C4F-369E-4768-A8FD-0C864DD44407}
	EndGlobalSection
EndGlobal
